
Microsoft Visual Studio Solution File, Format Version 12.00
# Visual Studio 14
VisualStudioVersion = 14.0.23107.0
MinimumVisualStudioVersion = 10.0.40219.1
Project("{FAE04EC0-301F-11D3-BF4B-00C04F79EFBC}") = "ConDep.frontend", "ConDep.frontend\ConDep.frontend.csproj", "{4786286B-17AA-457A-BC2C-53F81278ED41}"
EndProject
Project("{FAE04EC0-301F-11D3-BF4B-00C04F79EFBC}") = "ConDep.frontend.Tests", "ConDep.frontend.Tests\ConDep.frontend.Tests.csproj", "{809B84AA-C554-410A-A129-F9885ACEBC50}"
EndProject
Project("{8BB2217D-0F2D-49D1-97BC-3654ED321F3B}") = "ConDep.implementation", "ConDep.implementation\ConDep.implementation.xproj", "{6A6E922D-B1A2-41A0-AE90-357B13C0F65C}"
EndProject
Global
	GlobalSection(SolutionConfigurationPlatforms) = preSolution
		Debug|Any CPU = Debug|Any CPU
		Release|Any CPU = Release|Any CPU
	EndGlobalSection
	GlobalSection(ProjectConfigurationPlatforms) = postSolution
		{4786286B-17AA-457A-BC2C-53F81278ED41}.Debug|Any CPU.ActiveCfg = Debug|Any CPU
		{4786286B-17AA-457A-BC2C-53F81278ED41}.Debug|Any CPU.Build.0 = Debug|Any CPU
		{4786286B-17AA-457A-BC2C-53F81278ED41}.Release|Any CPU.ActiveCfg = Release|Any CPU
		{4786286B-17AA-457A-BC2C-53F81278ED41}.Release|Any CPU.Build.0 = Release|Any CPU
		{809B84AA-C554-410A-A129-F9885ACEBC50}.Debug|Any CPU.ActiveCfg = Debug|Any CPU
		{809B84AA-C554-410A-A129-F9885ACEBC50}.Debug|Any CPU.Build.0 = Debug|Any CPU
		{809B84AA-C554-410A-A129-F9885ACEBC50}.Release|Any CPU.ActiveCfg = Release|Any CPU
		{809B84AA-C554-410A-A129-F9885ACEBC50}.Release|Any CPU.Build.0 = Release|Any CPU
		{6A6E922D-B1A2-41A0-AE90-357B13C0F65C}.Debug|Any CPU.ActiveCfg = Debug|Any CPU
		{6A6E922D-B1A2-41A0-AE90-357B13C0F65C}.Debug|Any CPU.Build.0 = Debug|Any CPU
		{6A6E922D-B1A2-41A0-AE90-357B13C0F65C}.Release|Any CPU.ActiveCfg = Release|Any CPU
		{6A6E922D-B1A2-41A0-AE90-357B13C0F65C}.Release|Any CPU.Build.0 = Release|Any CPU
	EndGlobalSection
	GlobalSection(SolutionProperties) = preSolution
		HideSolutionNode = FALSE
	EndGlobalSection
EndGlobal
